
Microsoft Visual Studio Solution File, Format Version 12.00
# Visual Studio Version 17
VisualStudioVersion = 17.8.34511.84
MinimumVisualStudioVersion = 10.0.40219.1
Project("{FAE04EC0-301F-11D3-BF4B-00C04F79EFBC}") = "BookingForClients", "BookingForClients\BookingForClients.csproj", "{8633FB4D-A9F9-411E-8599-2B85DF234CF8}"
EndProject
Global
	GlobalSection(SolutionConfigurationPlatforms) = preSolution
		Debug|Any CPU = Debug|Any CPU
		Release|Any CPU = Release|Any CPU
	EndGlobalSection
	GlobalSection(ProjectConfigurationPlatforms) = postSolution
		{8633FB4D-A9F9-411E-8599-2B85DF234CF8}.Debug|Any CPU.ActiveCfg = Debug|Any CPU
		{8633FB4D-A9F9-411E-8599-2B85DF234CF8}.Debug|Any CPU.Build.0 = Debug|Any CPU
		{8633FB4D-A9F9-411E-8599-2B85DF234CF8}.Release|Any CPU.ActiveCfg = Release|Any CPU
		{8633FB4D-A9F9-411E-8599-2B85DF234CF8}.Release|Any CPU.Build.0 = Release|Any CPU
	EndGlobalSection
	GlobalSection(SolutionProperties) = preSolution
		HideSolutionNode = FALSE
	EndGlobalSection
	GlobalSection(ExtensibilityGlobals) = postSolution
		SolutionGuid = {0F263071-FC40-4BA3-8EEB-7B520BC5F18F}
	EndGlobalSection
EndGlobal
